<?xml version="1.0" encoding="utf-8"?>
<Project ToolsVersion="4.0" xmlns="http://schemas.microsoft.com/developer/msbuild/2003">
  <ItemGroup>
    <Filter Include="Исходные файлы">
      <UniqueIdentifier>{4FC737F1-C7A5-4376-A066-2A32D752A2FF}</UniqueIdentifier>
      <Extensions>cpp;c;cc;cxx;c++;cppm;ixx;def;odl;idl;hpj;bat;asm;asmx</Extensions>
    </Filter>
    <Filter Include="Файлы заголовков">
      <UniqueIdentifier>{93995380-89BD-4b04-88EB-625FBE52EBFB}</UniqueIdentifier>
      <Extensions>h;hh;hpp;hxx;h++;hm;inl;inc;ipp;xsd</Extensions>
    </Filter>
    <Filter Include="Файлы ресурсов">
      <UniqueIdentifier>{67DA6AB6-F800-4c08-8B7A-83BB121AAD01}</UniqueIdentifier>
      <Extensions>rc;ico;cur;bmp;dlg;rc2;rct;bin;rgs;gif;jpg;jpeg;jpe;resx;tiff;tif;png;wav;mfcribbon-ms</Extensions>
    </Filter>
    <Filter Include="Файлы заголовков\entity">
      <UniqueIdentifier>{70cff5ad-1428-460b-af12-13b28d77513e}</UniqueIdentifier>
    </Filter>
    <Filter Include="Файлы заголовков\utility">
      <UniqueIdentifier>{930b6482-eb36-45a0-818c-deda5517a3e7}</UniqueIdentifier>
    </Filter>
    <Filter Include="Файлы заголовков\parser">
      <UniqueIdentifier>{a54e31d0-e9e8-46ba-ae47-3dde4d780c2f}</UniqueIdentifier>
    </Filter>
    <Filter Include="Файлы заголовков\reader">
      <UniqueIdentifier>{5ddadf61-7b11-4ade-984e-2d3e926c1baa}</UniqueIdentifier>
    </Filter>
    <Filter Include="Файлы заголовков\creator">
      <UniqueIdentifier>{a4c69807-b4d9-46fc-988b-7968150e83e1}</UniqueIdentifier>
    </Filter>
  </ItemGroup>
  <ItemGroup>
    <ClCompile Include="main.cpp">
      <Filter>Исходные файлы</Filter>
    </ClCompile>
    <ClCompile Include="Service.cpp">
      <Filter>Исходные файлы</Filter>
    </ClCompile>
    <ClCompile Include="UtilityTools.cpp">
      <Filter>Исходные файлы</Filter>
    </ClCompile>
    <ClCompile Include="Reader.cpp">
      <Filter>Исходные файлы</Filter>
    </ClCompile>
    <ClCompile Include="ServiceParser.cpp">
      <Filter>Исходные файлы</Filter>
    </ClCompile>
    <ClCompile Include="Timetable.cpp">
      <Filter>Исходные файлы</Filter>
    </ClCompile>
    <ClCompile Include="CreateTimetable.cpp">
      <Filter>Исходные файлы</Filter>
    </ClCompile>
  </ItemGroup>
  <ItemGroup>
    <ClInclude Include="Service.h">
      <Filter>Файлы заголовков\entity</Filter>
    </ClInclude>
    <ClInclude Include="UtilityTools.h">
      <Filter>Файлы заголовков\utility</Filter>
    </ClInclude>
    <ClInclude Include="ServiceParser.h">
      <Filter>Файлы заголовков\parser</Filter>
    </ClInclude>
    <ClInclude Include="Reader.h">
      <Filter>Файлы заголовков\reader</Filter>
    </ClInclude>
    <ClInclude Include="Timetable.h">
      <Filter>Файлы заголовков\entity</Filter>
    </ClInclude>
    <ClInclude Include="CreateTimetable.h">
      <Filter>Файлы заголовков\creator</Filter>
    </ClInclude>
  </ItemGroup>
  <ItemGroup>
    <Text Include="input.txt" />
  </ItemGroup>
</Project>